
Microsoft Visual Studio Solution File, Format Version 12.00
# Visual Studio Version 17
VisualStudioVersion = 17.12.35707.178
MinimumVisualStudioVersion = 10.0.40219.1
Project("{2150E333-8FDC-42A3-9474-1A3956D46DE8}") = "Frontend", "Frontend", "{43C4E5C7-DD60-45CE-98B1-477491DFD9EE}"
EndProject
Project("{9A19103F-16F7-4668-BE54-9A1E7A4F7556}") = "Frontend.Presentation", "Frontend\Frontend.Presentation\Frontend.Presentation.csproj", "{3D318464-60F3-4CCB-B783-7028CCE8FD2A}"
EndProject
Project("{9A19103F-16F7-4668-BE54-9A1E7A4F7556}") = "Frontend.Models", "Frontend\Frontend.Models\Frontend.Models.csproj", "{6FE61EAC-0959-91FA-E1CB-BE732B8C29BB}"
EndProject
Project("{2150E333-8FDC-42A3-9474-1A3956D46DE8}") = "Backend", "Backend", "{02EA681E-C7D8-13C7-8484-4AC65E1B71E8}"
EndProject
Project("{2150E333-8FDC-42A3-9474-1A3956D46DE8}") = "Auth", "Auth", "{D9E14237-D9B2-4600-91B6-8A3FC7A4326A}"
EndProject
Project("{9A19103F-16F7-4668-BE54-9A1E7A4F7556}") = "Consulting.Auth.Infrastructure", "Backend\Auth\Consulting.Auth.Infrastructure\Consulting.Auth.Infrastructure.csproj", "{49D15BC0-E976-C4A2-3ED5-E69E0B100FF0}"
EndProject
Project("{9A19103F-16F7-4668-BE54-9A1E7A4F7556}") = "Consulting.Auth.Presentation", "Backend\Auth\Consulting.Auth.Presentation\Consulting.Auth.Presentation.csproj", "{D8AF50E0-E496-BDD4-C49A-193E1535A577}"
EndProject
Project("{9A19103F-16F7-4668-BE54-9A1E7A4F7556}") = "Consulting.Auth.Contracts", "Backend\Auth\Consulting.Auth.Contracts\Consulting.Auth.Contracts.csproj", "{78C9C6FE-05F3-461C-BF13-41217BD96904}"
EndProject
Project("{9A19103F-16F7-4668-BE54-9A1E7A4F7556}") = "Consulting.Auth.Application", "Backend\Auth\Consulting.Auth.Application\Consulting.Auth.Application.csproj", "{D7AD16CD-3F15-44FB-AE48-108446A03F81}"
	ProjectSection(ProjectDependencies) = postProject
		{49D15BC0-E976-C4A2-3ED5-E69E0B100FF0} = {49D15BC0-E976-C4A2-3ED5-E69E0B100FF0}
	EndProjectSection
EndProject
Global
	GlobalSection(SolutionConfigurationPlatforms) = preSolution
		Debug|Any CPU = Debug|Any CPU
		Release|Any CPU = Release|Any CPU
	EndGlobalSection
	GlobalSection(ProjectConfigurationPlatforms) = postSolution
		{3D318464-60F3-4CCB-B783-7028CCE8FD2A}.Debug|Any CPU.ActiveCfg = Debug|Any CPU
		{3D318464-60F3-4CCB-B783-7028CCE8FD2A}.Debug|Any CPU.Build.0 = Debug|Any CPU
		{3D318464-60F3-4CCB-B783-7028CCE8FD2A}.Release|Any CPU.ActiveCfg = Release|Any CPU
		{3D318464-60F3-4CCB-B783-7028CCE8FD2A}.Release|Any CPU.Build.0 = Release|Any CPU
		{6FE61EAC-0959-91FA-E1CB-BE732B8C29BB}.Debug|Any CPU.ActiveCfg = Debug|Any CPU
		{6FE61EAC-0959-91FA-E1CB-BE732B8C29BB}.Debug|Any CPU.Build.0 = Debug|Any CPU
		{6FE61EAC-0959-91FA-E1CB-BE732B8C29BB}.Release|Any CPU.ActiveCfg = Release|Any CPU
		{6FE61EAC-0959-91FA-E1CB-BE732B8C29BB}.Release|Any CPU.Build.0 = Release|Any CPU
		{49D15BC0-E976-C4A2-3ED5-E69E0B100FF0}.Debug|Any CPU.ActiveCfg = Debug|Any CPU
		{49D15BC0-E976-C4A2-3ED5-E69E0B100FF0}.Debug|Any CPU.Build.0 = Debug|Any CPU
		{49D15BC0-E976-C4A2-3ED5-E69E0B100FF0}.Release|Any CPU.ActiveCfg = Release|Any CPU
		{49D15BC0-E976-C4A2-3ED5-E69E0B100FF0}.Release|Any CPU.Build.0 = Release|Any CPU
		{D8AF50E0-E496-BDD4-C49A-193E1535A577}.Debug|Any CPU.ActiveCfg = Debug|Any CPU
		{D8AF50E0-E496-BDD4-C49A-193E1535A577}.Debug|Any CPU.Build.0 = Debug|Any CPU
		{D8AF50E0-E496-BDD4-C49A-193E1535A577}.Release|Any CPU.ActiveCfg = Release|Any CPU
		{D8AF50E0-E496-BDD4-C49A-193E1535A577}.Release|Any CPU.Build.0 = Release|Any CPU
		{78C9C6FE-05F3-461C-BF13-41217BD96904}.Debug|Any CPU.ActiveCfg = Debug|Any CPU
		{78C9C6FE-05F3-461C-BF13-41217BD96904}.Debug|Any CPU.Build.0 = Debug|Any CPU
		{78C9C6FE-05F3-461C-BF13-41217BD96904}.Release|Any CPU.ActiveCfg = Release|Any CPU
		{78C9C6FE-05F3-461C-BF13-41217BD96904}.Release|Any CPU.Build.0 = Release|Any CPU
		{D7AD16CD-3F15-44FB-AE48-108446A03F81}.Debug|Any CPU.ActiveCfg = Debug|Any CPU
		{D7AD16CD-3F15-44FB-AE48-108446A03F81}.Debug|Any CPU.Build.0 = Debug|Any CPU
		{D7AD16CD-3F15-44FB-AE48-108446A03F81}.Release|Any CPU.ActiveCfg = Release|Any CPU
		{D7AD16CD-3F15-44FB-AE48-108446A03F81}.Release|Any CPU.Build.0 = Release|Any CPU
	EndGlobalSection
	GlobalSection(SolutionProperties) = preSolution
		HideSolutionNode = FALSE
	EndGlobalSection
	GlobalSection(NestedProjects) = preSolution
		{3D318464-60F3-4CCB-B783-7028CCE8FD2A} = {43C4E5C7-DD60-45CE-98B1-477491DFD9EE}
		{6FE61EAC-0959-91FA-E1CB-BE732B8C29BB} = {43C4E5C7-DD60-45CE-98B1-477491DFD9EE}
		{D9E14237-D9B2-4600-91B6-8A3FC7A4326A} = {02EA681E-C7D8-13C7-8484-4AC65E1B71E8}
		{49D15BC0-E976-C4A2-3ED5-E69E0B100FF0} = {D9E14237-D9B2-4600-91B6-8A3FC7A4326A}
		{D8AF50E0-E496-BDD4-C49A-193E1535A577} = {D9E14237-D9B2-4600-91B6-8A3FC7A4326A}
		{78C9C6FE-05F3-461C-BF13-41217BD96904} = {D9E14237-D9B2-4600-91B6-8A3FC7A4326A}
		{D7AD16CD-3F15-44FB-AE48-108446A03F81} = {D9E14237-D9B2-4600-91B6-8A3FC7A4326A}
	EndGlobalSection
	GlobalSection(ExtensibilityGlobals) = postSolution
		SolutionGuid = {644BD258-6873-4979-945E-3C2FFCC8E21C}
	EndGlobalSection
EndGlobal
