
Microsoft Visual Studio Solution File, Format Version 12.00
# Visual Studio Version 17
VisualStudioVersion = 17.12.35707.178
MinimumVisualStudioVersion = 10.0.40219.1
Project("{2150E333-8FDC-42A3-9474-1A3956D46DE8}") = "Frontend", "Frontend", "{43C4E5C7-DD60-45CE-98B1-477491DFD9EE}"
EndProject
Project("{FAE04EC0-301F-11D3-BF4B-00C04F79EFBC}") = "Frontend.Presentation", "Frontend\Frontend.Presentation\Frontend.Presentation.csproj", "{3D318464-60F3-4CCB-B783-7028CCE8FD2A}"
EndProject
Project("{FAE04EC0-301F-11D3-BF4B-00C04F79EFBC}") = "Frontend.Models", "Frontend\Frontend.Models\Frontend.Models.csproj", "{6FE61EAC-0959-91FA-E1CB-BE732B8C29BB}"
EndProject
Project("{2150E333-8FDC-42A3-9474-1A3956D46DE8}") = "Backend", "Backend", "{02EA681E-C7D8-13C7-8484-4AC65E1B71E8}"
EndProject
Project("{FAE04EC0-301F-11D3-BF4B-00C04F79EFBC}") = "Consulting.Presentation", "Backend\Consulting.Presentation\Consulting.Presentation.csproj", "{B4BD85A8-B847-421D-8864-E66523B4D914}"
EndProject
Project("{FAE04EC0-301F-11D3-BF4B-00C04F79EFBC}") = "Consulting.Infrastructure", "Backend\Consulting.Infrastructure\Consulting.Infrastructure.csproj", "{BBFF5C98-EC54-48A1-8122-EEB3D6CF4B72}"
EndProject
Global
	GlobalSection(SolutionConfigurationPlatforms) = preSolution
		Debug|Any CPU = Debug|Any CPU
		Release|Any CPU = Release|Any CPU
	EndGlobalSection
	GlobalSection(ProjectConfigurationPlatforms) = postSolution
		{3D318464-60F3-4CCB-B783-7028CCE8FD2A}.Debug|Any CPU.ActiveCfg = Debug|Any CPU
		{3D318464-60F3-4CCB-B783-7028CCE8FD2A}.Debug|Any CPU.Build.0 = Debug|Any CPU
		{3D318464-60F3-4CCB-B783-7028CCE8FD2A}.Release|Any CPU.ActiveCfg = Release|Any CPU
		{3D318464-60F3-4CCB-B783-7028CCE8FD2A}.Release|Any CPU.Build.0 = Release|Any CPU
		{6FE61EAC-0959-91FA-E1CB-BE732B8C29BB}.Debug|Any CPU.ActiveCfg = Debug|Any CPU
		{6FE61EAC-0959-91FA-E1CB-BE732B8C29BB}.Debug|Any CPU.Build.0 = Debug|Any CPU
		{6FE61EAC-0959-91FA-E1CB-BE732B8C29BB}.Release|Any CPU.ActiveCfg = Release|Any CPU
		{6FE61EAC-0959-91FA-E1CB-BE732B8C29BB}.Release|Any CPU.Build.0 = Release|Any CPU
		{B4BD85A8-B847-421D-8864-E66523B4D914}.Debug|Any CPU.ActiveCfg = Debug|Any CPU
		{B4BD85A8-B847-421D-8864-E66523B4D914}.Debug|Any CPU.Build.0 = Debug|Any CPU
		{B4BD85A8-B847-421D-8864-E66523B4D914}.Release|Any CPU.ActiveCfg = Release|Any CPU
		{B4BD85A8-B847-421D-8864-E66523B4D914}.Release|Any CPU.Build.0 = Release|Any CPU
		{BBFF5C98-EC54-48A1-8122-EEB3D6CF4B72}.Debug|Any CPU.ActiveCfg = Debug|Any CPU
		{BBFF5C98-EC54-48A1-8122-EEB3D6CF4B72}.Debug|Any CPU.Build.0 = Debug|Any CPU
		{BBFF5C98-EC54-48A1-8122-EEB3D6CF4B72}.Release|Any CPU.ActiveCfg = Release|Any CPU
		{BBFF5C98-EC54-48A1-8122-EEB3D6CF4B72}.Release|Any CPU.Build.0 = Release|Any CPU
	EndGlobalSection
	GlobalSection(SolutionProperties) = preSolution
		HideSolutionNode = FALSE
	EndGlobalSection
	GlobalSection(NestedProjects) = preSolution
		{3D318464-60F3-4CCB-B783-7028CCE8FD2A} = {43C4E5C7-DD60-45CE-98B1-477491DFD9EE}
		{6FE61EAC-0959-91FA-E1CB-BE732B8C29BB} = {43C4E5C7-DD60-45CE-98B1-477491DFD9EE}
		{B4BD85A8-B847-421D-8864-E66523B4D914} = {02EA681E-C7D8-13C7-8484-4AC65E1B71E8}
		{BBFF5C98-EC54-48A1-8122-EEB3D6CF4B72} = {02EA681E-C7D8-13C7-8484-4AC65E1B71E8}
	EndGlobalSection
	GlobalSection(ExtensibilityGlobals) = postSolution
		SolutionGuid = {644BD258-6873-4979-945E-3C2FFCC8E21C}
	EndGlobalSection
EndGlobal
